<?xml version="1.0" encoding="utf-8"?>
<Project ToolsVersion="4.0" xmlns="http://schemas.microsoft.com/developer/msbuild/2003">
  <ItemGroup>
    <Filter Include="Source Files">
      <UniqueIdentifier>{4FC737F1-C7A5-4376-A066-2A32D752A2FF}</UniqueIdentifier>
      <Extensions>cpp;c;cc;cxx;c++;cppm;ixx;def;odl;idl;hpj;bat;asm;asmx</Extensions>
    </Filter>
    <Filter Include="Header Files">
      <UniqueIdentifier>{93995380-89BD-4b04-88EB-625FBE52EBFB}</UniqueIdentifier>
      <Extensions>h;hh;hpp;hxx;h++;hm;inl;inc;ipp;xsd</Extensions>
    </Filter>
    <Filter Include="images">
      <UniqueIdentifier>{67DA6AB6-F800-4c08-8B7A-83BB121AAD01}</UniqueIdentifier>
      <Extensions>rc;ico;cur;bmp;dlg;rc2;rct;bin;rgs;gif;jpg;jpeg;jpe;resx;tiff;tif;png;wav;mfcribbon-ms</Extensions>
    </Filter>
  </ItemGroup>
  <ItemGroup>
    <ClCompile Include="main.cpp">
      <Filter>Source Files</Filter>
    </ClCompile>
    <ClCompile Include="Character.cpp">
      <Filter>Source Files</Filter>
    </ClCompile>
    <ClCompile Include="NPC_Enemy.cpp">
      <Filter>Source Files</Filter>
    </ClCompile>
    <ClCompile Include="Playable_Character.cpp">
      <Filter>Source Files</Filter>
    </ClCompile>
    <ClCompile Include="Brawler.cpp">
      <Filter>Source Files</Filter>
    </ClCompile>
    <ClCompile Include="gameTile.cpp">
      <Filter>Source Files</Filter>
    </ClCompile>
    <ClCompile Include="gameWorld.cpp">
      <Filter>Source Files</Filter>
    </ClCompile>
    <ClCompile Include="game.cpp">
      <Filter>Source Files</Filter>
    </ClCompile>
    <ClCompile Include="Archer.cpp">
      <Filter>Source Files</Filter>
    </ClCompile>
    <ClCompile Include="CurrentPlayer.cpp">
      <Filter>Source Files</Filter>
    </ClCompile>
    <ClCompile Include="buildClass.cpp">
      <Filter>Source Files</Filter>
    </ClCompile>
    <ClCompile Include="MainMenu.cpp">
      <Filter>Source Files</Filter>
    </ClCompile>
  </ItemGroup>
  <ItemGroup>
    <Image Include="..\..\..\..\..\Pictures\Programming 1\enemy.png">
      <Filter>images</Filter>
    </Image>
    <Image Include="Brawler_SouthFace_Default_64x64.png">
      <Filter>images</Filter>
    </Image>
    <Image Include="..\..\..\..\..\Desktop\gametiles\wall.png">
      <Filter>images</Filter>
    </Image>
    <Image Include="..\..\..\..\..\Desktop\gametiles\plains.png">
      <Filter>images</Filter>
    </Image>
    <Image Include="NPC_Enemy.png">
      <Filter>images</Filter>
    </Image>
    <Image Include="Archer.png">
      <Filter>images</Filter>
    </Image>
  </ItemGroup>
  <ItemGroup>
    <ClInclude Include="Character.h">
      <Filter>Header Files</Filter>
    </ClInclude>
    <ClInclude Include="NPC_Enemy.h">
      <Filter>Header Files</Filter>
    </ClInclude>
    <ClInclude Include="Playable_Character.h">
      <Filter>Header Files</Filter>
    </ClInclude>
    <ClInclude Include="Brawler.h">
      <Filter>Header Files</Filter>
    </ClInclude>
    <ClInclude Include="gameTile.h">
      <Filter>Header Files</Filter>
    </ClInclude>
    <ClInclude Include="resource1.h">
      <Filter>Header Files</Filter>
    </ClInclude>
    <ClInclude Include="gameWorld.h">
      <Filter>Source Files</Filter>
    </ClInclude>
    <ClInclude Include="game.h">
      <Filter>Header Files</Filter>
    </ClInclude>
    <ClInclude Include="Archer.h">
      <Filter>Header Files</Filter>
    </ClInclude>
    <ClInclude Include="CurrentPlayer.h">
      <Filter>Header Files</Filter>
    </ClInclude>
    <ClInclude Include="buildClass.h">
      <Filter>Header Files</Filter>
    </ClInclude>
    <ClInclude Include="MainMenu.h">
      <Filter>Header Files</Filter>
    </ClInclude>
  </ItemGroup>
  <ItemGroup>
    <ResourceCompile Include="FinalProject1.rc">
      <Filter>images</Filter>
    </ResourceCompile>
  </ItemGroup>
</Project>